# THIS IS AN AUTOGENERATED FILE. DO NOT EDIT THIS FILE DIRECTLY.
# yarn lockfile v1


"@gnome-flatpak-types/base@^44.0.0":
  version "44.0.0"
  resolved "https://registry.yarnpkg.com/@gnome-flatpak-types/base/-/base-44.0.0.tgz#bec5d3ef916c5574253c63cf5a5e149afe2330f9"
  integrity sha512-n8k3V67y4m7oJAkBb/49JcuSAvq996tTA3J3BWzqjJpIoKciqA9QuIUgeAwmCsshhUQs4TZxh3i0x3+9XsW9rw==
  dependencies:
    typescript "^5.0.4"

typescript@^5.0.4:
  version "5.0.4"
  resolved "https://registry.yarnpkg.com/typescript/-/typescript-5.0.4.tgz#b217fd20119bd61a94d4011274e0ab369058da3b"
  integrity sha512-cW9T5W9xY37cc+jfEnaUvX91foxtHkza3Nw3wkoF4sSlKn0MONdkdEndig/qPBWXNkmplh3NzayQzCiHM4/hqw==
